
Microsoft Visual Studio Solution File, Format Version 12.00
# Visual Studio Version 17
VisualStudioVersion = 17.0.32014.148
MinimumVisualStudioVersion = 10.0.40219.1
Project("{8BC9CEB8-8B4A-11D0-8D11-00A0C91BC942}") = "Climbing Stairs", "Climbing Stairs\Climbing Stairs.vcxproj", "{AFBDCBDD-EF9F-4948-ACD3-6CFB74E29DFE}"
EndProject
Global
	GlobalSection(SolutionConfigurationPlatforms) = preSolution
		Debug|x64 = Debug|x64
		Debug|x86 = Debug|x86
		Release|x64 = Release|x64
		Release|x86 = Release|x86
	EndGlobalSection
	GlobalSection(ProjectConfigurationPlatforms) = postSolution
		{AFBDCBDD-EF9F-4948-ACD3-6CFB74E29DFE}.Debug|x64.ActiveCfg = Debug|x64
		{AFBDCBDD-EF9F-4948-ACD3-6CFB74E29DFE}.Debug|x64.Build.0 = Debug|x64
		{AFBDCBDD-EF9F-4948-ACD3-6CFB74E29DFE}.Debug|x86.ActiveCfg = Debug|Win32
		{AFBDCBDD-EF9F-4948-ACD3-6CFB74E29DFE}.Debug|x86.Build.0 = Debug|Win32
		{AFBDCBDD-EF9F-4948-ACD3-6CFB74E29DFE}.Release|x64.ActiveCfg = Release|x64
		{AFBDCBDD-EF9F-4948-ACD3-6CFB74E29DFE}.Release|x64.Build.0 = Release|x64
		{AFBDCBDD-EF9F-4948-ACD3-6CFB74E29DFE}.Release|x86.ActiveCfg = Release|Win32
		{AFBDCBDD-EF9F-4948-ACD3-6CFB74E29DFE}.Release|x86.Build.0 = Release|Win32
	EndGlobalSection
	GlobalSection(SolutionProperties) = preSolution
		HideSolutionNode = FALSE
	EndGlobalSection
	GlobalSection(ExtensibilityGlobals) = postSolution
		SolutionGuid = {2D141CE5-A1C9-44FC-B465-3F4CE6D94FC4}
	EndGlobalSection
EndGlobal
